
Microsoft Visual Studio Solution File, Format Version 12.00
# Visual Studio Version 16
VisualStudioVersion = 16.0.30717.126
MinimumVisualStudioVersion = 10.0.40219.1
Project("{FAE04EC0-301F-11D3-BF4B-00C04F79EFBC}") = "GenRetangle", "GenRetangle\GenRetangle.csproj", "{EB0DA76C-B28B-4680-97F5-67BD25B0D163}"
EndProject
Project("{FAE04EC0-301F-11D3-BF4B-00C04F79EFBC}") = "CirCleArea2", "CirCleArea2\CirCleArea2.csproj", "{9B8239B0-E3CD-497D-9805-4E403577F787}"
EndProject
Project("{FAE04EC0-301F-11D3-BF4B-00C04F79EFBC}") = "TowNumberCompare", "TowNumberCompare\TowNumberCompare.csproj", "{03D0F12C-7E32-49D2-8399-B7C1573E7DF5}"
EndProject
Project("{FAE04EC0-301F-11D3-BF4B-00C04F79EFBC}") = "testloop", "testloop\testloop.csproj", "{91969262-A4D9-4346-9C25-B69CE7F973D7}"
EndProject
Project("{FAE04EC0-301F-11D3-BF4B-00C04F79EFBC}") = "calculate_grade", "calculate_grade\calculate_grade.csproj", "{FE8E526D-D52C-48BE-84E6-FF2EF0026CB2}"
EndProject
Project("{FAE04EC0-301F-11D3-BF4B-00C04F79EFBC}") = "Login", "Login\Login.csproj", "{F3ED28FE-2A95-4AE3-AC76-DB73F6596555}"
EndProject
Global
	GlobalSection(SolutionConfigurationPlatforms) = preSolution
		Debug|Any CPU = Debug|Any CPU
		Release|Any CPU = Release|Any CPU
	EndGlobalSection
	GlobalSection(ProjectConfigurationPlatforms) = postSolution
		{EB0DA76C-B28B-4680-97F5-67BD25B0D163}.Debug|Any CPU.ActiveCfg = Debug|Any CPU
		{EB0DA76C-B28B-4680-97F5-67BD25B0D163}.Debug|Any CPU.Build.0 = Debug|Any CPU
		{EB0DA76C-B28B-4680-97F5-67BD25B0D163}.Release|Any CPU.ActiveCfg = Release|Any CPU
		{EB0DA76C-B28B-4680-97F5-67BD25B0D163}.Release|Any CPU.Build.0 = Release|Any CPU
		{9B8239B0-E3CD-497D-9805-4E403577F787}.Debug|Any CPU.ActiveCfg = Debug|Any CPU
		{9B8239B0-E3CD-497D-9805-4E403577F787}.Debug|Any CPU.Build.0 = Debug|Any CPU
		{9B8239B0-E3CD-497D-9805-4E403577F787}.Release|Any CPU.ActiveCfg = Release|Any CPU
		{9B8239B0-E3CD-497D-9805-4E403577F787}.Release|Any CPU.Build.0 = Release|Any CPU
		{03D0F12C-7E32-49D2-8399-B7C1573E7DF5}.Debug|Any CPU.ActiveCfg = Debug|Any CPU
		{03D0F12C-7E32-49D2-8399-B7C1573E7DF5}.Debug|Any CPU.Build.0 = Debug|Any CPU
		{03D0F12C-7E32-49D2-8399-B7C1573E7DF5}.Release|Any CPU.ActiveCfg = Release|Any CPU
		{03D0F12C-7E32-49D2-8399-B7C1573E7DF5}.Release|Any CPU.Build.0 = Release|Any CPU
		{91969262-A4D9-4346-9C25-B69CE7F973D7}.Debug|Any CPU.ActiveCfg = Debug|Any CPU
		{91969262-A4D9-4346-9C25-B69CE7F973D7}.Debug|Any CPU.Build.0 = Debug|Any CPU
		{91969262-A4D9-4346-9C25-B69CE7F973D7}.Release|Any CPU.ActiveCfg = Release|Any CPU
		{91969262-A4D9-4346-9C25-B69CE7F973D7}.Release|Any CPU.Build.0 = Release|Any CPU
		{FE8E526D-D52C-48BE-84E6-FF2EF0026CB2}.Debug|Any CPU.ActiveCfg = Debug|Any CPU
		{FE8E526D-D52C-48BE-84E6-FF2EF0026CB2}.Debug|Any CPU.Build.0 = Debug|Any CPU
		{FE8E526D-D52C-48BE-84E6-FF2EF0026CB2}.Release|Any CPU.ActiveCfg = Release|Any CPU
		{FE8E526D-D52C-48BE-84E6-FF2EF0026CB2}.Release|Any CPU.Build.0 = Release|Any CPU
		{F3ED28FE-2A95-4AE3-AC76-DB73F6596555}.Debug|Any CPU.ActiveCfg = Debug|Any CPU
		{F3ED28FE-2A95-4AE3-AC76-DB73F6596555}.Debug|Any CPU.Build.0 = Debug|Any CPU
		{F3ED28FE-2A95-4AE3-AC76-DB73F6596555}.Release|Any CPU.ActiveCfg = Release|Any CPU
		{F3ED28FE-2A95-4AE3-AC76-DB73F6596555}.Release|Any CPU.Build.0 = Release|Any CPU
	EndGlobalSection
	GlobalSection(SolutionProperties) = preSolution
		HideSolutionNode = FALSE
	EndGlobalSection
	GlobalSection(ExtensibilityGlobals) = postSolution
		SolutionGuid = {00DC8812-FA9A-49F1-9DE1-670BC5AFBF88}
	EndGlobalSection
EndGlobal
